// !$*UTF8*$!
{
	archiveVersion = 1;
	classes = {
	};
	objectVersion = 56;
	objects = {

/* Begin PBXBuildFile section */
		BD305DB7295CBC8C001203EE /* Assets.xcassets in Resources */ = {isa = PBXBuildFile; fileRef = BD305DAF295CBC8C001203EE /* Assets.xcassets */; };
		BD305DC4295DB36A001203EE /* MimiUXKit.xcframework in Frameworks */ = {isa = PBXBuildFile; fileRef = BD305DBE295DB369001203EE /* MimiUXKit.xcframework */; };
		BD305DC5295DB36A001203EE /* MimiUXKit.xcframework in Embed Frameworks */ = {isa = PBXBuildFile; fileRef = BD305DBE295DB369001203EE /* MimiUXKit.xcframework */; settings = {ATTRIBUTES = (CodeSignOnCopy, RemoveHeadersOnCopy, ); }; };
		BD305DC6295DB36A001203EE /* MimiHTEKit.xcframework in Frameworks */ = {isa = PBXBuildFile; fileRef = BD305DBF295DB369001203EE /* MimiHTEKit.xcframework */; };
		BD305DC7295DB36A001203EE /* MimiHTEKit.xcframework in Embed Frameworks */ = {isa = PBXBuildFile; fileRef = BD305DBF295DB369001203EE /* MimiHTEKit.xcframework */; settings = {ATTRIBUTES = (CodeSignOnCopy, RemoveHeadersOnCopy, ); }; };
		BD305DC8295DB36A001203EE /* MimiAuthKit.xcframework in Frameworks */ = {isa = PBXBuildFile; fileRef = BD305DC0295DB369001203EE /* MimiAuthKit.xcframework */; };
		BD305DC9295DB36A001203EE /* MimiAuthKit.xcframework in Embed Frameworks */ = {isa = PBXBuildFile; fileRef = BD305DC0295DB369001203EE /* MimiAuthKit.xcframework */; settings = {ATTRIBUTES = (CodeSignOnCopy, RemoveHeadersOnCopy, ); }; };
		BD305DCA295DB36A001203EE /* MimiCoreKit.xcframework in Frameworks */ = {isa = PBXBuildFile; fileRef = BD305DC1295DB36A001203EE /* MimiCoreKit.xcframework */; };
		BD305DCB295DB36A001203EE /* MimiCoreKit.xcframework in Embed Frameworks */ = {isa = PBXBuildFile; fileRef = BD305DC1295DB36A001203EE /* MimiCoreKit.xcframework */; settings = {ATTRIBUTES = (CodeSignOnCopy, RemoveHeadersOnCopy, ); }; };
		BD305DCC295DB36A001203EE /* MimiSDK.xcframework in Frameworks */ = {isa = PBXBuildFile; fileRef = BD305DC2295DB36A001203EE /* MimiSDK.xcframework */; };
		BD305DCD295DB36A001203EE /* MimiSDK.xcframework in Embed Frameworks */ = {isa = PBXBuildFile; fileRef = BD305DC2295DB36A001203EE /* MimiSDK.xcframework */; settings = {ATTRIBUTES = (CodeSignOnCopy, RemoveHeadersOnCopy, ); }; };
		BD305DCE295DB36A001203EE /* MimiTestKit.xcframework in Frameworks */ = {isa = PBXBuildFile; fileRef = BD305DC3295DB36A001203EE /* MimiTestKit.xcframework */; };
		BD305DCF295DB36A001203EE /* MimiTestKit.xcframework in Embed Frameworks */ = {isa = PBXBuildFile; fileRef = BD305DC3295DB36A001203EE /* MimiTestKit.xcframework */; settings = {ATTRIBUTES = (CodeSignOnCopy, RemoveHeadersOnCopy, ); }; };
		BD3C1D6929D5858B00062126 /* CoreView.swift in Sources */ = {isa = PBXBuildFile; fileRef = BD3C1D6829D5858B00062126 /* CoreView.swift */; };
		BD3C1D6E29D599D600062126 /* TestViewModel.swift in Sources */ = {isa = PBXBuildFile; fileRef = BD3C1D6D29D599D600062126 /* TestViewModel.swift */; };
		BD3C1D7229D59AFF00062126 /* TestView.swift in Sources */ = {isa = PBXBuildFile; fileRef = BD3C1D7129D59AFF00062126 /* TestView.swift */; };
		BD50801C2A66994600971D55 /* PartnerHeadphoneConnectivityController.swift in Sources */ = {isa = PBXBuildFile; fileRef = BD50801B2A66994600971D55 /* PartnerHeadphoneConnectivityController.swift */; };
		BD7A05E1295EEAF300604BE9 /* AppDelegate.swift in Sources */ = {isa = PBXBuildFile; fileRef = BD7A05E0295EEAF300604BE9 /* AppDelegate.swift */; };
		BD7A05E4295EFF6200604BE9 /* PartnerAudioProcessingController.swift in Sources */ = {isa = PBXBuildFile; fileRef = BD7A05E3295EFF6200604BE9 /* PartnerAudioProcessingController.swift */; };
		BD7A05E6295EFFC200604BE9 /* ProcessingView.swift in Sources */ = {isa = PBXBuildFile; fileRef = BD7A05E5295EFFC200604BE9 /* ProcessingView.swift */; };
		BDAA5D3E29694A5B0085D636 /* PartnerFirmwareController.swift in Sources */ = {isa = PBXBuildFile; fileRef = BDAA5D3D29694A5B0085D636 /* PartnerFirmwareController.swift */; };
		BDAA5D40296BC5790085D636 /* ProcessingViewModel.swift in Sources */ = {isa = PBXBuildFile; fileRef = BDAA5D3F296BC5790085D636 /* ProcessingViewModel.swift */; };
		BDC31C0B295DC1DF002C7F65 /* MimiProfileView.swift in Sources */ = {isa = PBXBuildFile; fileRef = BDC31C0A295DC1DF002C7F65 /* MimiProfileView.swift */; };
		BDC31C0C295DC339002C7F65 /* IntegrationExampleApp.swift in Sources */ = {isa = PBXBuildFile; fileRef = BD305DAE295CBC8C001203EE /* IntegrationExampleApp.swift */; };
		BDC31C0D295DC33D002C7F65 /* ContentView.swift in Sources */ = {isa = PBXBuildFile; fileRef = BD305DB4295CBC8C001203EE /* ContentView.swift */; };
		BDE4028B2993B40F008BFC0E /* AppSecrets.generated.swift in Sources */ = {isa = PBXBuildFile; fileRef = BDE4028A2993B40F008BFC0E /* AppSecrets.generated.swift */; };
/* End PBXBuildFile section */

/* Begin PBXCopyFilesBuildPhase section */
		BD305DD0295DB36A001203EE /* Embed Frameworks */ = {
			isa = PBXCopyFilesBuildPhase;
			buildActionMask = 2147483647;
			dstPath = "";
			dstSubfolderSpec = 10;
			files = (
				BD305DCF295DB36A001203EE /* MimiTestKit.xcframework in Embed Frameworks */,
				BD305DC7295DB36A001203EE /* MimiHTEKit.xcframework in Embed Frameworks */,
				BD305DC5295DB36A001203EE /* MimiUXKit.xcframework in Embed Frameworks */,
				BD305DC9295DB36A001203EE /* MimiAuthKit.xcframework in Embed Frameworks */,
				BD305DCD295DB36A001203EE /* MimiSDK.xcframework in Embed Frameworks */,
				BD305DCB295DB36A001203EE /* MimiCoreKit.xcframework in Embed Frameworks */,
			);
			name = "Embed Frameworks";
			runOnlyForDeploymentPostprocessing = 0;
		};
/* End PBXCopyFilesBuildPhase section */

/* Begin PBXFileReference section */
		BD0FD891299A72D80013099D /* CHANGELOG.md */ = {isa = PBXFileReference; lastKnownFileType = net.daringfireball.markdown; path = CHANGELOG.md; sourceTree = "<group>"; };
		BD305DA8295CAD00001203EE /* Secrets.xcconfig */ = {isa = PBXFileReference; lastKnownFileType = text.xcconfig; path = Secrets.xcconfig; sourceTree = "<group>"; };
		BD305DAE295CBC8C001203EE /* IntegrationExampleApp.swift */ = {isa = PBXFileReference; fileEncoding = 4; lastKnownFileType = sourcecode.swift; path = IntegrationExampleApp.swift; sourceTree = "<group>"; };
		BD305DAF295CBC8C001203EE /* Assets.xcassets */ = {isa = PBXFileReference; lastKnownFileType = folder.assetcatalog; path = Assets.xcassets; sourceTree = "<group>"; };
		BD305DB1295CBC8C001203EE /* Preview Assets.xcassets */ = {isa = PBXFileReference; lastKnownFileType = folder.assetcatalog; path = "Preview Assets.xcassets"; sourceTree = "<group>"; };
		BD305DB4295CBC8C001203EE /* ContentView.swift */ = {isa = PBXFileReference; fileEncoding = 4; lastKnownFileType = sourcecode.swift; path = ContentView.swift; sourceTree = "<group>"; };
		BD305DBB295D8F11001203EE /* README.md */ = {isa = PBXFileReference; fileEncoding = 4; lastKnownFileType = net.daringfireball.markdown; path = README.md; sourceTree = "<group>"; };
		BD305DBE295DB369001203EE /* MimiUXKit.xcframework */ = {isa = PBXFileReference; lastKnownFileType = wrapper.xcframework; name = MimiUXKit.xcframework; path = IntegrationExample/Frameworks/MimiUXKit.xcframework; sourceTree = "<group>"; };
		BD305DBF295DB369001203EE /* MimiHTEKit.xcframework */ = {isa = PBXFileReference; lastKnownFileType = wrapper.xcframework; name = MimiHTEKit.xcframework; path = IntegrationExample/Frameworks/MimiHTEKit.xcframework; sourceTree = "<group>"; };
		BD305DC0295DB369001203EE /* MimiAuthKit.xcframework */ = {isa = PBXFileReference; lastKnownFileType = wrapper.xcframework; name = MimiAuthKit.xcframework; path = IntegrationExample/Frameworks/MimiAuthKit.xcframework; sourceTree = "<group>"; };
		BD305DC1295DB36A001203EE /* MimiCoreKit.xcframework */ = {isa = PBXFileReference; lastKnownFileType = wrapper.xcframework; name = MimiCoreKit.xcframework; path = IntegrationExample/Frameworks/MimiCoreKit.xcframework; sourceTree = "<group>"; };
		BD305DC2295DB36A001203EE /* MimiSDK.xcframework */ = {isa = PBXFileReference; lastKnownFileType = wrapper.xcframework; name = MimiSDK.xcframework; path = IntegrationExample/Frameworks/MimiSDK.xcframework; sourceTree = "<group>"; };
		BD305DC3295DB36A001203EE /* MimiTestKit.xcframework */ = {isa = PBXFileReference; lastKnownFileType = wrapper.xcframework; name = MimiTestKit.xcframework; path = IntegrationExample/Frameworks/MimiTestKit.xcframework; sourceTree = "<group>"; };
		BD3C1D6829D5858B00062126 /* CoreView.swift */ = {isa = PBXFileReference; lastKnownFileType = sourcecode.swift; path = CoreView.swift; sourceTree = "<group>"; };
		BD3C1D6D29D599D600062126 /* TestViewModel.swift */ = {isa = PBXFileReference; lastKnownFileType = sourcecode.swift; path = TestViewModel.swift; sourceTree = "<group>"; };
		BD3C1D7129D59AFF00062126 /* TestView.swift */ = {isa = PBXFileReference; lastKnownFileType = sourcecode.swift; path = TestView.swift; sourceTree = "<group>"; };
		BD457B16295C3E710000EE19 /* IntegrationExample.app */ = {isa = PBXFileReference; explicitFileType = wrapper.application; includeInIndex = 0; path = IntegrationExample.app; sourceTree = BUILT_PRODUCTS_DIR; };
		BD50801B2A66994600971D55 /* PartnerHeadphoneConnectivityController.swift */ = {isa = PBXFileReference; lastKnownFileType = sourcecode.swift; path = PartnerHeadphoneConnectivityController.swift; sourceTree = "<group>"; };
		BD7A05E0295EEAF300604BE9 /* AppDelegate.swift */ = {isa = PBXFileReference; lastKnownFileType = sourcecode.swift; path = AppDelegate.swift; sourceTree = "<group>"; };
		BD7A05E3295EFF6200604BE9 /* PartnerAudioProcessingController.swift */ = {isa = PBXFileReference; lastKnownFileType = sourcecode.swift; path = PartnerAudioProcessingController.swift; sourceTree = "<group>"; };
		BD7A05E5295EFFC200604BE9 /* ProcessingView.swift */ = {isa = PBXFileReference; lastKnownFileType = sourcecode.swift; path = ProcessingView.swift; sourceTree = "<group>"; };
		BDAA5D3D29694A5B0085D636 /* PartnerFirmwareController.swift */ = {isa = PBXFileReference; lastKnownFileType = sourcecode.swift; path = PartnerFirmwareController.swift; sourceTree = "<group>"; };
		BDAA5D3F296BC5790085D636 /* ProcessingViewModel.swift */ = {isa = PBXFileReference; lastKnownFileType = sourcecode.swift; path = ProcessingViewModel.swift; sourceTree = "<group>"; };
		BDC31C0A295DC1DF002C7F65 /* MimiProfileView.swift */ = {isa = PBXFileReference; lastKnownFileType = sourcecode.swift; path = MimiProfileView.swift; sourceTree = "<group>"; };
		BDE4028A2993B40F008BFC0E /* AppSecrets.generated.swift */ = {isa = PBXFileReference; fileEncoding = 4; lastKnownFileType = sourcecode.swift; path = AppSecrets.generated.swift; sourceTree = "<group>"; };
/* End PBXFileReference section */

/* Begin PBXFrameworksBuildPhase section */
		BD457B13295C3E710000EE19 /* Frameworks */ = {
			isa = PBXFrameworksBuildPhase;
			buildActionMask = 2147483647;
			files = (
				BD305DCE295DB36A001203EE /* MimiTestKit.xcframework in Frameworks */,
				BD305DC6295DB36A001203EE /* MimiHTEKit.xcframework in Frameworks */,
				BD305DC4295DB36A001203EE /* MimiUXKit.xcframework in Frameworks */,
				BD305DC8295DB36A001203EE /* MimiAuthKit.xcframework in Frameworks */,
				BD305DCC295DB36A001203EE /* MimiSDK.xcframework in Frameworks */,
				BD305DCA295DB36A001203EE /* MimiCoreKit.xcframework in Frameworks */,
			);
			runOnlyForDeploymentPostprocessing = 0;
		};
/* End PBXFrameworksBuildPhase section */

/* Begin PBXGroup section */
		BD305DAB295CBC8C001203EE /* IntegrationExample */ = {
			isa = PBXGroup;
			children = (
				BD7A05E0295EEAF300604BE9 /* AppDelegate.swift */,
				BD305DAE295CBC8C001203EE /* IntegrationExampleApp.swift */,
				BD305DB4295CBC8C001203EE /* ContentView.swift */,
				BDC31C09295DC1A3002C7F65 /* Profile */,
				BD7A05E2295EFD2100604BE9 /* Processing */,
				BD3C1D6729D5855E00062126 /* Core */,
				BD305DAC295CBC8C001203EE /* Generated */,
				BD305DAF295CBC8C001203EE /* Assets.xcassets */,
				BD305DB0295CBC8C001203EE /* Preview Content */,
			);
			name = IntegrationExample;
			sourceTree = "<group>";
		};
		BD305DAC295CBC8C001203EE /* Generated */ = {
			isa = PBXGroup;
			children = (
				BDE4028A2993B40F008BFC0E /* AppSecrets.generated.swift */,
			);
			path = Generated;
			sourceTree = "<group>";
		};
		BD305DB0295CBC8C001203EE /* Preview Content */ = {
			isa = PBXGroup;
			children = (
				BD305DB1295CBC8C001203EE /* Preview Assets.xcassets */,
			);
			path = "Preview Content";
			sourceTree = "<group>";
		};
		BD305DBD295DB369001203EE /* Frameworks */ = {
			isa = PBXGroup;
			children = (
				BD305DC0295DB369001203EE /* MimiAuthKit.xcframework */,
				BD305DC1295DB36A001203EE /* MimiCoreKit.xcframework */,
				BD305DBF295DB369001203EE /* MimiHTEKit.xcframework */,
				BD305DC2295DB36A001203EE /* MimiSDK.xcframework */,
				BD305DC3295DB36A001203EE /* MimiTestKit.xcframework */,
				BD305DBE295DB369001203EE /* MimiUXKit.xcframework */,
			);
			name = Frameworks;
			sourceTree = "<group>";
		};
		BD3C1D6729D5855E00062126 /* Core */ = {
			isa = PBXGroup;
			children = (
				BD50801A2A66986A00971D55 /* View */,
				BD50801B2A66994600971D55 /* PartnerHeadphoneConnectivityController.swift */,
			);
			path = Core;
			sourceTree = "<group>";
		};
		BD3C1D6C29D599BF00062126 /* Test */ = {
			isa = PBXGroup;
			children = (
				BD3C1D7129D59AFF00062126 /* TestView.swift */,
				BD3C1D6D29D599D600062126 /* TestViewModel.swift */,
			);
			path = Test;
			sourceTree = "<group>";
		};
		BD457B0D295C3E710000EE19 = {
			isa = PBXGroup;
			children = (
				BD0FD891299A72D80013099D /* CHANGELOG.md */,
				BD305DBB295D8F11001203EE /* README.md */,
				BD305DA8295CAD00001203EE /* Secrets.xcconfig */,
				BD457B18295C3E710000EE19 /* IntegrationExample */,
				BD457B17295C3E710000EE19 /* Products */,
				BD305DBD295DB369001203EE /* Frameworks */,
			);
			sourceTree = "<group>";
		};
		BD457B17295C3E710000EE19 /* Products */ = {
			isa = PBXGroup;
			children = (
				BD457B16295C3E710000EE19 /* IntegrationExample.app */,
			);
			name = Products;
			sourceTree = "<group>";
		};
		BD457B18295C3E710000EE19 /* IntegrationExample */ = {
			isa = PBXGroup;
			children = (
				BD305DAB295CBC8C001203EE /* IntegrationExample */,
			);
			path = IntegrationExample;
			sourceTree = "<group>";
		};
		BD50801A2A66986A00971D55 /* View */ = {
			isa = PBXGroup;
			children = (
				BD3C1D6829D5858B00062126 /* CoreView.swift */,
				BD3C1D6C29D599BF00062126 /* Test */,
			);
			path = View;
			sourceTree = "<group>";
		};
		BD7A05E2295EFD2100604BE9 /* Processing */ = {
			isa = PBXGroup;
			children = (
				BD7A05E7295F687800604BE9 /* View */,
				BD7A05E3295EFF6200604BE9 /* PartnerAudioProcessingController.swift */,
				BDAA5D3D29694A5B0085D636 /* PartnerFirmwareController.swift */,
			);
			path = Processing;
			sourceTree = "<group>";
		};
		BD7A05E7295F687800604BE9 /* View */ = {
			isa = PBXGroup;
			children = (
				BD7A05E5295EFFC200604BE9 /* ProcessingView.swift */,
				BDAA5D3F296BC5790085D636 /* ProcessingViewModel.swift */,
			);
			path = View;
			sourceTree = "<group>";
		};
		BDC31C09295DC1A3002C7F65 /* Profile */ = {
			isa = PBXGroup;
			children = (
				BDC31C0A295DC1DF002C7F65 /* MimiProfileView.swift */,
			);
			path = Profile;
			sourceTree = "<group>";
		};
/* End PBXGroup section */

/* Begin PBXNativeTarget section */
		BD457B15295C3E710000EE19 /* IntegrationExample */ = {
			isa = PBXNativeTarget;
			buildConfigurationList = BD457B24295C3E720000EE19 /* Build configuration list for PBXNativeTarget "IntegrationExample" */;
			buildPhases = (
				BD305DA7295CAC65001203EE /* Generate Secrets */,
				BD457B12295C3E710000EE19 /* Sources */,
				BD457B13295C3E710000EE19 /* Frameworks */,
				BD457B14295C3E710000EE19 /* Resources */,
				BD305DD0295DB36A001203EE /* Embed Frameworks */,
			);
			buildRules = (
			);
			dependencies = (
			);
			name = IntegrationExample;
			packageProductDependencies = (
			);
			productName = IntegrationExample;
			productReference = BD457B16295C3E710000EE19 /* IntegrationExample.app */;
			productType = "com.apple.product-type.application";
		};
/* End PBXNativeTarget section */

/* Begin PBXProject section */
		BD457B0E295C3E710000EE19 /* Project object */ = {
			isa = PBXProject;
			attributes = {
				BuildIndependentTargetsInParallel = 1;
				LastSwiftUpdateCheck = 1410;
				LastUpgradeCheck = 1410;
				TargetAttributes = {
					BD457B15295C3E710000EE19 = {
						CreatedOnToolsVersion = 14.1;
					};
				};
			};
			buildConfigurationList = BD457B11295C3E710000EE19 /* Build configuration list for PBXProject "IntegrationExample" */;
			compatibilityVersion = "Xcode 14.0";
			developmentRegion = en;
			hasScannedForEncodings = 0;
			knownRegions = (
				en,
				Base,
			);
			mainGroup = BD457B0D295C3E710000EE19;
			packageReferences = (
			);
			productRefGroup = BD457B17295C3E710000EE19 /* Products */;
			projectDirPath = "";
			projectRoot = "";
			targets = (
				BD457B15295C3E710000EE19 /* IntegrationExample */,
			);
		};
/* End PBXProject section */

/* Begin PBXResourcesBuildPhase section */
		BD457B14295C3E710000EE19 /* Resources */ = {
			isa = PBXResourcesBuildPhase;
			buildActionMask = 2147483647;
			files = (
				BD305DB7295CBC8C001203EE /* Assets.xcassets in Resources */,
			);
			runOnlyForDeploymentPostprocessing = 0;
		};
/* End PBXResourcesBuildPhase section */

/* Begin PBXShellScriptBuildPhase section */
		BD305DA7295CAC65001203EE /* Generate Secrets */ = {
			isa = PBXShellScriptBuildPhase;
			alwaysOutOfDate = 1;
			buildActionMask = 2147483647;
			files = (
			);
			inputFileListPaths = (
			);
			inputPaths = (
			);
			name = "Generate Secrets";
			outputFileListPaths = (
			);
			outputPaths = (
			);
			runOnlyForDeploymentPostprocessing = 0;
			shellPath = /bin/sh;
			shellScript = "# Adds support for Apple Silicon brew directory\nexport PATH=\"$PATH:/opt/homebrew/bin\"\n\nmimi_client_id=$CI_MIMI_CLIENT_ID\nif [ \"$mimi_client_id\" == \"\" ]; then\n    mimi_client_id=$MIMI_CLIENT_ID\nfi\n\nmimi_dev_client_secret=$CI_MIMI_CLIENT_SECRET\nif [ \"$mimi_client_secret\" == \"\" ]; then\n    mimi_client_secret=$MIMI_CLIENT_SECRET\nfi\n\nsourcery \\\n--sources $PROJECT_DIR/IntegrationExample \\\n--templates $PROJECT_DIR/IntegrationExample/Templates/AppSecrets.stencil \\\n--output $PROJECT_DIR/IntegrationExample/Generated \\\n--args mimiClientSecret=\\\"$mimi_client_secret\\\",mimiClientId=\\\"$mimi_client_id\\\"\n";
		};
/* End PBXShellScriptBuildPhase section */

/* Begin PBXSourcesBuildPhase section */
		BD457B12295C3E710000EE19 /* Sources */ = {
			isa = PBXSourcesBuildPhase;
			buildActionMask = 2147483647;
			files = (
				BD3C1D7229D59AFF00062126 /* TestView.swift in Sources */,
				BDAA5D40296BC5790085D636 /* ProcessingViewModel.swift in Sources */,
				BD50801C2A66994600971D55 /* PartnerHeadphoneConnectivityController.swift in Sources */,
				BDC31C0B295DC1DF002C7F65 /* MimiProfileView.swift in Sources */,
				BDE4028B2993B40F008BFC0E /* AppSecrets.generated.swift in Sources */,
				BD3C1D6E29D599D600062126 /* TestViewModel.swift in Sources */,
				BDC31C0C295DC339002C7F65 /* IntegrationExampleApp.swift in Sources */,
				BDC31C0D295DC33D002C7F65 /* ContentView.swift in Sources */,
				BD7A05E4295EFF6200604BE9 /* PartnerAudioProcessingController.swift in Sources */,
				BDAA5D3E29694A5B0085D636 /* PartnerFirmwareController.swift in Sources */,
				BD3C1D6929D5858B00062126 /* CoreView.swift in Sources */,
				BD7A05E6295EFFC200604BE9 /* ProcessingView.swift in Sources */,
				BD7A05E1295EEAF300604BE9 /* AppDelegate.swift in Sources */,
			);
			runOnlyForDeploymentPostprocessing = 0;
		};
/* End PBXSourcesBuildPhase section */

/* Begin XCBuildConfiguration section */
		BD457B22295C3E720000EE19 /* Debug */ = {
			isa = XCBuildConfiguration;
			baseConfigurationReference = BD305DA8295CAD00001203EE /* Secrets.xcconfig */;
			buildSettings = {
				ALWAYS_SEARCH_USER_PATHS = NO;
				CLANG_ANALYZER_NONNULL = YES;
				CLANG_ANALYZER_NUMBER_OBJECT_CONVERSION = YES_AGGRESSIVE;
				CLANG_CXX_LANGUAGE_STANDARD = "gnu++20";
				CLANG_ENABLE_MODULES = YES;
				CLANG_ENABLE_OBJC_ARC = YES;
				CLANG_ENABLE_OBJC_WEAK = YES;
				CLANG_WARN_BLOCK_CAPTURE_AUTORELEASING = YES;
				CLANG_WARN_BOOL_CONVERSION = YES;
				CLANG_WARN_COMMA = YES;
				CLANG_WARN_CONSTANT_CONVERSION = YES;
				CLANG_WARN_DEPRECATED_OBJC_IMPLEMENTATIONS = YES;
				CLANG_WARN_DIRECT_OBJC_ISA_USAGE = YES_ERROR;
				CLANG_WARN_DOCUMENTATION_COMMENTS = YES;
				CLANG_WARN_EMPTY_BODY = YES;
				CLANG_WARN_ENUM_CONVERSION = YES;
				CLANG_WARN_INFINITE_RECURSION = YES;
				CLANG_WARN_INT_CONVERSION = YES;
				CLANG_WARN_NON_LITERAL_NULL_CONVERSION = YES;
				CLANG_WARN_OBJC_IMPLICIT_RETAIN_SELF = YES;
				CLANG_WARN_OBJC_LITERAL_CONVERSION = YES;
				CLANG_WARN_OBJC_ROOT_CLASS = YES_ERROR;
				CLANG_WARN_QUOTED_INCLUDE_IN_FRAMEWORK_HEADER = YES;
				CLANG_WARN_RANGE_LOOP_ANALYSIS = YES;
				CLANG_WARN_STRICT_PROTOTYPES = YES;
				CLANG_WARN_SUSPICIOUS_MOVE = YES;
				CLANG_WARN_UNGUARDED_AVAILABILITY = YES_AGGRESSIVE;
				CLANG_WARN_UNREACHABLE_CODE = YES;
				CLANG_WARN__DUPLICATE_METHOD_MATCH = YES;
				COPY_PHASE_STRIP = NO;
				DEBUG_INFORMATION_FORMAT = dwarf;
				ENABLE_STRICT_OBJC_MSGSEND = YES;
				ENABLE_TESTABILITY = YES;
				GCC_C_LANGUAGE_STANDARD = gnu11;
				GCC_DYNAMIC_NO_PIC = NO;
				GCC_NO_COMMON_BLOCKS = YES;
				GCC_OPTIMIZATION_LEVEL = 0;
				GCC_PREPROCESSOR_DEFINITIONS = (
					"DEBUG=1",
					"$(inherited)",
				);
				GCC_WARN_64_TO_32_BIT_CONVERSION = YES;
				GCC_WARN_ABOUT_RETURN_TYPE = YES_ERROR;
				GCC_WARN_UNDECLARED_SELECTOR = YES;
				GCC_WARN_UNINITIALIZED_AUTOS = YES_AGGRESSIVE;
				GCC_WARN_UNUSED_FUNCTION = YES;
				GCC_WARN_UNUSED_VARIABLE = YES;
				IPHONEOS_DEPLOYMENT_TARGET = 16.0;
				MTL_ENABLE_DEBUG_INFO = INCLUDE_SOURCE;
				MTL_FAST_MATH = YES;
				ONLY_ACTIVE_ARCH = YES;
				SDKROOT = iphoneos;
				SWIFT_ACTIVE_COMPILATION_CONDITIONS = DEBUG;
				SWIFT_OPTIMIZATION_LEVEL = "-Onone";
			};
			name = Debug;
		};
		BD457B23295C3E720000EE19 /* Release */ = {
			isa = XCBuildConfiguration;
			baseConfigurationReference = BD305DA8295CAD00001203EE /* Secrets.xcconfig */;
			buildSettings = {
				ALWAYS_SEARCH_USER_PATHS = NO;
				CLANG_ANALYZER_NONNULL = YES;
				CLANG_ANALYZER_NUMBER_OBJECT_CONVERSION = YES_AGGRESSIVE;
				CLANG_CXX_LANGUAGE_STANDARD = "gnu++20";
				CLANG_ENABLE_MODULES = YES;
				CLANG_ENABLE_OBJC_ARC = YES;
				CLANG_ENABLE_OBJC_WEAK = YES;
				CLANG_WARN_BLOCK_CAPTURE_AUTORELEASING = YES;
				CLANG_WARN_BOOL_CONVERSION = YES;
				CLANG_WARN_COMMA = YES;
				CLANG_WARN_CONSTANT_CONVERSION = YES;
				CLANG_WARN_DEPRECATED_OBJC_IMPLEMENTATIONS = YES;
				CLANG_WARN_DIRECT_OBJC_ISA_USAGE = YES_ERROR;
				CLANG_WARN_DOCUMENTATION_COMMENTS = YES;
				CLANG_WARN_EMPTY_BODY = YES;
				CLANG_WARN_ENUM_CONVERSION = YES;
				CLANG_WARN_INFINITE_RECURSION = YES;
				CLANG_WARN_INT_CONVERSION = YES;
				CLANG_WARN_NON_LITERAL_NULL_CONVERSION = YES;
				CLANG_WARN_OBJC_IMPLICIT_RETAIN_SELF = YES;
				CLANG_WARN_OBJC_LITERAL_CONVERSION = YES;
				CLANG_WARN_OBJC_ROOT_CLASS = YES_ERROR;
				CLANG_WARN_QUOTED_INCLUDE_IN_FRAMEWORK_HEADER = YES;
				CLANG_WARN_RANGE_LOOP_ANALYSIS = YES;
				CLANG_WARN_STRICT_PROTOTYPES = YES;
				CLANG_WARN_SUSPICIOUS_MOVE = YES;
				CLANG_WARN_UNGUARDED_AVAILABILITY = YES_AGGRESSIVE;
				CLANG_WARN_UNREACHABLE_CODE = YES;
				CLANG_WARN__DUPLICATE_METHOD_MATCH = YES;
				COPY_PHASE_STRIP = NO;
				DEBUG_INFORMATION_FORMAT = "dwarf-with-dsym";
				ENABLE_NS_ASSERTIONS = NO;
				ENABLE_STRICT_OBJC_MSGSEND = YES;
				GCC_C_LANGUAGE_STANDARD = gnu11;
				GCC_NO_COMMON_BLOCKS = YES;
				GCC_WARN_64_TO_32_BIT_CONVERSION = YES;
				GCC_WARN_ABOUT_RETURN_TYPE = YES_ERROR;
				GCC_WARN_UNDECLARED_SELECTOR = YES;
				GCC_WARN_UNINITIALIZED_AUTOS = YES_AGGRESSIVE;
				GCC_WARN_UNUSED_FUNCTION = YES;
				GCC_WARN_UNUSED_VARIABLE = YES;
				IPHONEOS_DEPLOYMENT_TARGET = 16.0;
				MTL_ENABLE_DEBUG_INFO = NO;
				MTL_FAST_MATH = YES;
				SDKROOT = iphoneos;
				SWIFT_COMPILATION_MODE = wholemodule;
				SWIFT_OPTIMIZATION_LEVEL = "-O";
				VALIDATE_PRODUCT = YES;
			};
			name = Release;
		};
		BD457B25295C3E720000EE19 /* Debug */ = {
			isa = XCBuildConfiguration;
			buildSettings = {
				ASSETCATALOG_COMPILER_APPICON_NAME = AppIcon;
				ASSETCATALOG_COMPILER_GLOBAL_ACCENT_COLOR_NAME = AccentColor;
				CODE_SIGN_IDENTITY = "Apple Development";
				CODE_SIGN_STYLE = Automatic;
				CURRENT_PROJECT_VERSION = 1;
				DEVELOPMENT_ASSET_PATHS = "\"IntegrationExample/Preview Content\"";
				DEVELOPMENT_TEAM = E6PL3GQS6B;
				ENABLE_PREVIEWS = YES;
				GENERATE_INFOPLIST_FILE = YES;
				INFOPLIST_KEY_NSCameraUsageDescription = "Log in to your other Mimi devices by scanning a QR code with the camera";
				INFOPLIST_KEY_NSMicrophoneUsageDescription = "Monitoring ambient noise during hearing tests requires the microphone";
				INFOPLIST_KEY_UIApplicationSceneManifest_Generation = YES;
				INFOPLIST_KEY_UIApplicationSupportsIndirectInputEvents = YES;
				INFOPLIST_KEY_UILaunchScreen_Generation = YES;
				INFOPLIST_KEY_UIStatusBarStyle = "";
				INFOPLIST_KEY_UISupportedInterfaceOrientations_iPad = "UIInterfaceOrientationPortrait UIInterfaceOrientationPortraitUpsideDown UIInterfaceOrientationLandscapeLeft UIInterfaceOrientationLandscapeRight";
				INFOPLIST_KEY_UISupportedInterfaceOrientations_iPhone = "UIInterfaceOrientationPortrait UIInterfaceOrientationLandscapeLeft UIInterfaceOrientationLandscapeRight";
				IPHONEOS_DEPLOYMENT_TARGET = 16.0;
				LD_RUNPATH_SEARCH_PATHS = (
					"$(inherited)",
					"@executable_path/Frameworks",
				);
				MARKETING_VERSION = 2.1.0;
				PRODUCT_BUNDLE_IDENTIFIER = io.mimi.IntegrationExample;
				PRODUCT_NAME = "$(TARGET_NAME)";
				PROVISIONING_PROFILE_SPECIFIER = "";
				SUPPORTED_PLATFORMS = "iphoneos iphonesimulator";
				SUPPORTS_MACCATALYST = NO;
				SUPPORTS_MAC_DESIGNED_FOR_IPHONE_IPAD = NO;
				SWIFT_EMIT_LOC_STRINGS = YES;
				SWIFT_VERSION = 5.0;
				TARGETED_DEVICE_FAMILY = 1;
			};
			name = Debug;
		};
		BD457B26295C3E720000EE19 /* Release */ = {
			isa = XCBuildConfiguration;
			buildSettings = {
				ASSETCATALOG_COMPILER_APPICON_NAME = AppIcon;
				ASSETCATALOG_COMPILER_GLOBAL_ACCENT_COLOR_NAME = AccentColor;
				CODE_SIGN_IDENTITY = "Apple Development";
				CODE_SIGN_STYLE = Automatic;
				CURRENT_PROJECT_VERSION = 1;
				DEVELOPMENT_ASSET_PATHS = "\"IntegrationExample/Preview Content\"";
				DEVELOPMENT_TEAM = E6PL3GQS6B;
				ENABLE_PREVIEWS = YES;
				GENERATE_INFOPLIST_FILE = YES;
				INFOPLIST_KEY_NSCameraUsageDescription = "Log in to your other Mimi devices by scanning a QR code with the camera";
				INFOPLIST_KEY_NSMicrophoneUsageDescription = "Monitoring ambient noise during hearing tests requires the microphone";
				INFOPLIST_KEY_UIApplicationSceneManifest_Generation = YES;
				INFOPLIST_KEY_UIApplicationSupportsIndirectInputEvents = YES;
				INFOPLIST_KEY_UILaunchScreen_Generation = YES;
				INFOPLIST_KEY_UIStatusBarStyle = "";
				INFOPLIST_KEY_UISupportedInterfaceOrientations_iPad = "UIInterfaceOrientationPortrait UIInterfaceOrientationPortraitUpsideDown UIInterfaceOrientationLandscapeLeft UIInterfaceOrientationLandscapeRight";
				INFOPLIST_KEY_UISupportedInterfaceOrientations_iPhone = "UIInterfaceOrientationPortrait UIInterfaceOrientationLandscapeLeft UIInterfaceOrientationLandscapeRight";
				IPHONEOS_DEPLOYMENT_TARGET = 16.0;
				LD_RUNPATH_SEARCH_PATHS = (
					"$(inherited)",
					"@executable_path/Frameworks",
				);
				MARKETING_VERSION = 2.1.0;
				PRODUCT_BUNDLE_IDENTIFIER = io.mimi.IntegrationExample;
				PRODUCT_NAME = "$(TARGET_NAME)";
				PROVISIONING_PROFILE_SPECIFIER = "";
				SUPPORTED_PLATFORMS = "iphoneos iphonesimulator";
				SUPPORTS_MACCATALYST = NO;
				SUPPORTS_MAC_DESIGNED_FOR_IPHONE_IPAD = NO;
				SWIFT_EMIT_LOC_STRINGS = YES;
				SWIFT_VERSION = 5.0;
				TARGETED_DEVICE_FAMILY = 1;
			};
			name = Release;
		};
/* End XCBuildConfiguration section */

/* Begin XCConfigurationList section */
		BD457B11295C3E710000EE19 /* Build configuration list for PBXProject "IntegrationExample" */ = {
			isa = XCConfigurationList;
			buildConfigurations = (
				BD457B22295C3E720000EE19 /* Debug */,
				BD457B23295C3E720000EE19 /* Release */,
			);
			defaultConfigurationIsVisible = 0;
			defaultConfigurationName = Release;
		};
		BD457B24295C3E720000EE19 /* Build configuration list for PBXNativeTarget "IntegrationExample" */ = {
			isa = XCConfigurationList;
			buildConfigurations = (
				BD457B25295C3E720000EE19 /* Debug */,
				BD457B26295C3E720000EE19 /* Release */,
			);
			defaultConfigurationIsVisible = 0;
			defaultConfigurationName = Release;
		};
/* End XCConfigurationList section */
	};
	rootObject = BD457B0E295C3E710000EE19 /* Project object */;
}
