{
  "originHash" : "2e124b9852b1dbe2ffdfcde0e35bb096386b28b28f68e9b710519c7afcd8f54a",
  "pins" : [
    {
      "identity" : "sdk-ios-binaries",
      "kind" : "remoteSourceControl",
      "location" : "https://github.com/MimiHearingTechnologies/SDK-iOS-Binaries.git",
      "state" : {
        "revision" : "202c7a3e5e061f929ce7eae6350fc00041ef06b2",
        "version" : "10.1.2"
      }
    }
  ],
  "version" : 3
}
