{
  "originHash" : "a3e918aba51a6f64a8d9dfbf08640cf329c4ddecdf9b3f64157e0548f47715da",
  "pins" : [
    {
      "identity" : "sdk-ios-binaries",
      "kind" : "remoteSourceControl",
      "location" : "https://github.com/MimiHearingTechnologies/SDK-iOS-Binaries.git",
      "state" : {
        "revision" : "fa2c8c8ece958c1f17d30390fe88a29ed9913f5c",
        "version" : "10.4.0"
      }
    }
  ],
  "version" : 3
}
