{
  "originHash" : "2e124b9852b1dbe2ffdfcde0e35bb096386b28b28f68e9b710519c7afcd8f54a",
  "pins" : [
    {
      "identity" : "sdk-ios-binaries",
      "kind" : "remoteSourceControl",
      "location" : "https://github.com/MimiHearingTechnologies/SDK-iOS-Binaries.git",
      "state" : {
        "revision" : "385fadfc0db53138d95cfdcbc0fed09d0a13fd13",
        "version" : "10.1.3"
      }
    }
  ],
  "version" : 3
}
